{
  "name": "picross",
  "version": "0.1.0",
  "lockfileVersion": 1,
  "requires": true,
  "dependencies": {
    "tinycolor2": {
      "version": "1.4.1",
      "resolved": "https://registry.npmjs.org/tinycolor2/-/tinycolor2-1.4.1.tgz",
      "integrity": "sha1-9PrTM0R7wLB9TcjpIJ2POaisd+g="
    },
    "vue": {
      "version": "2.6.10",
      "resolved": "https://registry.npmjs.org/vue/-/vue-2.6.10.tgz",
      "integrity": "sha512-ImThpeNU9HbdZL3utgMCq0oiMzAkt1mcgy3/E6zWC/G6AaQoeuFdsl9nDhTDU3X1R6FK7nsIUuRACVcjI+A2GQ=="
    },
    "vue-router": {
      "version": "3.1.3",
      "resolved": "https://registry.npmjs.org/vue-router/-/vue-router-3.1.3.tgz",
      "integrity": "sha512-8iSa4mGNXBjyuSZFCCO4fiKfvzqk+mhL0lnKuGcQtO1eoj8nq3CmbEG8FwK5QqoqwDgsjsf1GDuisDX4cdb/aQ=="
    },
    "vuex": {
      "version": "3.1.2",
      "resolved": "https://registry.npmjs.org/vuex/-/vuex-3.1.2.tgz",
      "integrity": "sha512-ha3jNLJqNhhrAemDXcmMJMKf1Zu4sybMPr9KxJIuOpVcsDQlTBYLLladav2U+g1AvdYDG5Gs0xBTb0M5pXXYFQ=="
    }
  }
}
